// !$*UTF8*$!
{
	archiveVersion = 1;
	classes = {
	};
	objectVersion = 55;
	objects = {

/* Begin PBXBuildFile section */
		E58126902790379A007541DE /* CoreData.xcdatamodeld in Sources */ = {isa = PBXBuildFile; fileRef = E581268E2790379A007541DE /* CoreData.xcdatamodeld */; };
		E581269427903934007541DE /* WishList+CoreDataClass.swift in Sources */ = {isa = PBXBuildFile; fileRef = E581269227903934007541DE /* WishList+CoreDataClass.swift */; };
		E581269527903934007541DE /* WishList+CoreDataProperties.swift in Sources */ = {isa = PBXBuildFile; fileRef = E581269327903934007541DE /* WishList+CoreDataProperties.swift */; };
		E581269B2790413E007541DE /* WishListViewController.swift in Sources */ = {isa = PBXBuildFile; fileRef = E581269A2790413E007541DE /* WishListViewController.swift */; };
		E581269D27904151007541DE /* EditAddViewController.swift in Sources */ = {isa = PBXBuildFile; fileRef = E581269C27904151007541DE /* EditAddViewController.swift */; };
		E58C8861278C8D2D00D87648 /* AppDelegate.swift in Sources */ = {isa = PBXBuildFile; fileRef = E58C8860278C8D2D00D87648 /* AppDelegate.swift */; };
		E58C8863278C8D2D00D87648 /* SceneDelegate.swift in Sources */ = {isa = PBXBuildFile; fileRef = E58C8862278C8D2D00D87648 /* SceneDelegate.swift */; };
		E58C8865278C8D2D00D87648 /* ViewController.swift in Sources */ = {isa = PBXBuildFile; fileRef = E58C8864278C8D2D00D87648 /* ViewController.swift */; };
		E58C886A278C8D2E00D87648 /* Assets.xcassets in Resources */ = {isa = PBXBuildFile; fileRef = E58C8869278C8D2E00D87648 /* Assets.xcassets */; };
		E58C8875278C8E3A00D87648 /* SignUpViewController.swift in Sources */ = {isa = PBXBuildFile; fileRef = E58C8874278C8E3A00D87648 /* SignUpViewController.swift */; };
		E58C8878278C8E5400D87648 /* LoginViewController.swift in Sources */ = {isa = PBXBuildFile; fileRef = E58C8877278C8E5400D87648 /* LoginViewController.swift */; };
		E58C887D278C94A800D87648 /* Designs.swift in Sources */ = {isa = PBXBuildFile; fileRef = E58C887C278C94A800D87648 /* Designs.swift */; };
		E58C8881278C9BC500D87648 /* GoogleService-Info.plist in Resources */ = {isa = PBXBuildFile; fileRef = E58C8880278C9BC500D87648 /* GoogleService-Info.plist */; };
		E58C8883278CAAA500D87648 /* Constants.swift in Sources */ = {isa = PBXBuildFile; fileRef = E58C8882278CAAA500D87648 /* Constants.swift */; };
		E58C8890278CAF0000D87648 /* LaunchScreen.storyboard in Resources */ = {isa = PBXBuildFile; fileRef = E58C888E278CAEFF00D87648 /* LaunchScreen.storyboard */; };
		E58C8893278CAF0600D87648 /* Main.storyboard in Resources */ = {isa = PBXBuildFile; fileRef = E58C8891278CAF0600D87648 /* Main.storyboard */; };
		E59D2FB5278F375100711AFE /* CameraViewController.swift in Sources */ = {isa = PBXBuildFile; fileRef = E59D2FB4278F375100711AFE /* CameraViewController.swift */; };
		E59D2FB7278F376200711AFE /* MapViewController.swift in Sources */ = {isa = PBXBuildFile; fileRef = E59D2FB6278F376200711AFE /* MapViewController.swift */; };
		E5D19C9B278D7C4A00C06C65 /* ICON_VERSION7.mp4 in Resources */ = {isa = PBXBuildFile; fileRef = E5D19C9A278D7C4A00C06C65 /* ICON_VERSION7.mp4 */; };
		E5D89C9E278F275F0098740C /* HomeViewController.swift in Sources */ = {isa = PBXBuildFile; fileRef = E5D89C9D278F275F0098740C /* HomeViewController.swift */; };
		E72F6DEE7D42BB4BA8B4A305 /* Pods_Assignment.framework in Frameworks */ = {isa = PBXBuildFile; fileRef = D5213B36C0CE2AF8457EA140 /* Pods_Assignment.framework */; };
/* End PBXBuildFile section */

/* Begin PBXFileReference section */
		16171CCFE6A461E5957AD3B6 /* Pods-Assignment.release.xcconfig */ = {isa = PBXFileReference; includeInIndex = 1; lastKnownFileType = text.xcconfig; name = "Pods-Assignment.release.xcconfig"; path = "Target Support Files/Pods-Assignment/Pods-Assignment.release.xcconfig"; sourceTree = "<group>"; };
		58FE012C8EBC7E7F130028FA /* Pods-Assignment.debug.xcconfig */ = {isa = PBXFileReference; includeInIndex = 1; lastKnownFileType = text.xcconfig; name = "Pods-Assignment.debug.xcconfig"; path = "Target Support Files/Pods-Assignment/Pods-Assignment.debug.xcconfig"; sourceTree = "<group>"; };
		D5213B36C0CE2AF8457EA140 /* Pods_Assignment.framework */ = {isa = PBXFileReference; explicitFileType = wrapper.framework; includeInIndex = 0; path = Pods_Assignment.framework; sourceTree = BUILT_PRODUCTS_DIR; };
		E581268F2790379A007541DE /* CoreData.xcdatamodel */ = {isa = PBXFileReference; lastKnownFileType = wrapper.xcdatamodel; path = CoreData.xcdatamodel; sourceTree = "<group>"; };
		E581269227903934007541DE /* WishList+CoreDataClass.swift */ = {isa = PBXFileReference; lastKnownFileType = sourcecode.swift; path = "WishList+CoreDataClass.swift"; sourceTree = SOURCE_ROOT; };
		E581269327903934007541DE /* WishList+CoreDataProperties.swift */ = {isa = PBXFileReference; lastKnownFileType = sourcecode.swift; path = "WishList+CoreDataProperties.swift"; sourceTree = SOURCE_ROOT; };
		E581269A2790413E007541DE /* WishListViewController.swift */ = {isa = PBXFileReference; lastKnownFileType = sourcecode.swift; path = WishListViewController.swift; sourceTree = "<group>"; };
		E581269C27904151007541DE /* EditAddViewController.swift */ = {isa = PBXFileReference; lastKnownFileType = sourcecode.swift; path = EditAddViewController.swift; sourceTree = "<group>"; };
		E58C885D278C8D2D00D87648 /* Assignment.app */ = {isa = PBXFileReference; explicitFileType = wrapper.application; includeInIndex = 0; path = Assignment.app; sourceTree = BUILT_PRODUCTS_DIR; };
		E58C8860278C8D2D00D87648 /* AppDelegate.swift */ = {isa = PBXFileReference; lastKnownFileType = sourcecode.swift; path = AppDelegate.swift; sourceTree = "<group>"; };
		E58C8862278C8D2D00D87648 /* SceneDelegate.swift */ = {isa = PBXFileReference; lastKnownFileType = sourcecode.swift; path = SceneDelegate.swift; sourceTree = "<group>"; };
		E58C8864278C8D2D00D87648 /* ViewController.swift */ = {isa = PBXFileReference; lastKnownFileType = sourcecode.swift; path = ViewController.swift; sourceTree = "<group>"; };
		E58C8869278C8D2E00D87648 /* Assets.xcassets */ = {isa = PBXFileReference; lastKnownFileType = folder.assetcatalog; path = Assets.xcassets; sourceTree = "<group>"; };
		E58C886E278C8D2E00D87648 /* Info.plist */ = {isa = PBXFileReference; lastKnownFileType = text.plist.xml; path = Info.plist; sourceTree = "<group>"; };
		E58C8874278C8E3A00D87648 /* SignUpViewController.swift */ = {isa = PBXFileReference; lastKnownFileType = sourcecode.swift; path = SignUpViewController.swift; sourceTree = "<group>"; };
		E58C8877278C8E5400D87648 /* LoginViewController.swift */ = {isa = PBXFileReference; lastKnownFileType = sourcecode.swift; path = LoginViewController.swift; sourceTree = "<group>"; };
		E58C887C278C94A800D87648 /* Designs.swift */ = {isa = PBXFileReference; lastKnownFileType = sourcecode.swift; path = Designs.swift; sourceTree = "<group>"; };
		E58C8880278C9BC500D87648 /* GoogleService-Info.plist */ = {isa = PBXFileReference; fileEncoding = 4; lastKnownFileType = text.plist.xml; path = "GoogleService-Info.plist"; sourceTree = "<group>"; };
		E58C8882278CAAA500D87648 /* Constants.swift */ = {isa = PBXFileReference; lastKnownFileType = sourcecode.swift; path = Constants.swift; sourceTree = "<group>"; };
		E58C888F278CAEFF00D87648 /* Base */ = {isa = PBXFileReference; lastKnownFileType = file.storyboard; name = Base; path = Base.lproj/LaunchScreen.storyboard; sourceTree = "<group>"; };
		E58C8892278CAF0600D87648 /* Base */ = {isa = PBXFileReference; lastKnownFileType = file.storyboard; name = Base; path = Base.lproj/Main.storyboard; sourceTree = "<group>"; };
		E59D2FB4278F375100711AFE /* CameraViewController.swift */ = {isa = PBXFileReference; lastKnownFileType = sourcecode.swift; path = CameraViewController.swift; sourceTree = "<group>"; };
		E59D2FB6278F376200711AFE /* MapViewController.swift */ = {isa = PBXFileReference; lastKnownFileType = sourcecode.swift; path = MapViewController.swift; sourceTree = "<group>"; };
		E5D19C9A278D7C4A00C06C65 /* ICON_VERSION7.mp4 */ = {isa = PBXFileReference; lastKnownFileType = file; path = ICON_VERSION7.mp4; sourceTree = "<group>"; };
		E5D89C9D278F275F0098740C /* HomeViewController.swift */ = {isa = PBXFileReference; lastKnownFileType = sourcecode.swift; path = HomeViewController.swift; sourceTree = "<group>"; };
/* End PBXFileReference section */

/* Begin PBXFrameworksBuildPhase section */
		E58C885A278C8D2D00D87648 /* Frameworks */ = {
			isa = PBXFrameworksBuildPhase;
			buildActionMask = 2147483647;
			files = (
				E72F6DEE7D42BB4BA8B4A305 /* Pods_Assignment.framework in Frameworks */,
			);
			runOnlyForDeploymentPostprocessing = 0;
		};
/* End PBXFrameworksBuildPhase section */

/* Begin PBXGroup section */
		7BF422F8ECB785E6EE49DB79 /* Pods */ = {
			isa = PBXGroup;
			children = (
				58FE012C8EBC7E7F130028FA /* Pods-Assignment.debug.xcconfig */,
				16171CCFE6A461E5957AD3B6 /* Pods-Assignment.release.xcconfig */,
			);
			path = Pods;
			sourceTree = "<group>";
		};
		E5812691279038E9007541DE /* Model */ = {
			isa = PBXGroup;
			children = (
				E581269227903934007541DE /* WishList+CoreDataClass.swift */,
				E581269327903934007541DE /* WishList+CoreDataProperties.swift */,
			);
			path = Model;
			sourceTree = "<group>";
		};
		E58C8854278C8D2D00D87648 = {
			isa = PBXGroup;
			children = (
				E58C885F278C8D2D00D87648 /* Assignment */,
				E58C885E278C8D2D00D87648 /* Products */,
				7BF422F8ECB785E6EE49DB79 /* Pods */,
				EE595792B20EA4065364F5A1 /* Frameworks */,
			);
			sourceTree = "<group>";
		};
		E58C885E278C8D2D00D87648 /* Products */ = {
			isa = PBXGroup;
			children = (
				E58C885D278C8D2D00D87648 /* Assignment.app */,
			);
			name = Products;
			sourceTree = "<group>";
		};
		E58C885F278C8D2D00D87648 /* Assignment */ = {
			isa = PBXGroup;
			children = (
				E5D19C98278D7BE500C06C65 /* Media */,
				E58C887B278C949100D87648 /* Assistants */,
				E58C8860278C8D2D00D87648 /* AppDelegate.swift */,
				E58C8862278C8D2D00D87648 /* SceneDelegate.swift */,
				E58C8891278CAF0600D87648 /* Main.storyboard */,
				E58C888E278CAEFF00D87648 /* LaunchScreen.storyboard */,
				E58C8876278C8E4500D87648 /* ViewController */,
				E58C8869278C8D2E00D87648 /* Assets.xcassets */,
				E58C886E278C8D2E00D87648 /* Info.plist */,
				E58C8880278C9BC500D87648 /* GoogleService-Info.plist */,
				E5812691279038E9007541DE /* Model */,
				E581268E2790379A007541DE /* CoreData.xcdatamodeld */,
			);
			path = Assignment;
			sourceTree = "<group>";
		};
		E58C8876278C8E4500D87648 /* ViewController */ = {
			isa = PBXGroup;
			children = (
				E58C8874278C8E3A00D87648 /* SignUpViewController.swift */,
				E58C8877278C8E5400D87648 /* LoginViewController.swift */,
				E5D89C9D278F275F0098740C /* HomeViewController.swift */,
				E58C8864278C8D2D00D87648 /* ViewController.swift */,
				E59D2FB4278F375100711AFE /* CameraViewController.swift */,
				E59D2FB6278F376200711AFE /* MapViewController.swift */,
				E581269A2790413E007541DE /* WishListViewController.swift */,
				E581269C27904151007541DE /* EditAddViewController.swift */,
			);
			path = ViewController;
			sourceTree = "<group>";
		};
		E58C887B278C949100D87648 /* Assistants */ = {
			isa = PBXGroup;
			children = (
				E58C887C278C94A800D87648 /* Designs.swift */,
				E58C8882278CAAA500D87648 /* Constants.swift */,
			);
			path = Assistants;
			sourceTree = "<group>";
		};
		E5D19C98278D7BE500C06C65 /* Media */ = {
			isa = PBXGroup;
			children = (
				E5D19C9A278D7C4A00C06C65 /* ICON_VERSION7.mp4 */,
			);
			path = Media;
			sourceTree = "<group>";
		};
		EE595792B20EA4065364F5A1 /* Frameworks */ = {
			isa = PBXGroup;
			children = (
				D5213B36C0CE2AF8457EA140 /* Pods_Assignment.framework */,
			);
			name = Frameworks;
			sourceTree = "<group>";
		};
/* End PBXGroup section */

/* Begin PBXNativeTarget section */
		E58C885C278C8D2D00D87648 /* Assignment */ = {
			isa = PBXNativeTarget;
			buildConfigurationList = E58C8871278C8D2E00D87648 /* Build configuration list for PBXNativeTarget "Assignment" */;
			buildPhases = (
				F8F35A98D8883194B34A6211 /* [CP] Check Pods Manifest.lock */,
				E58C8859278C8D2D00D87648 /* Sources */,
				E58C885A278C8D2D00D87648 /* Frameworks */,
				E58C885B278C8D2D00D87648 /* Resources */,
				B7987B1AD52423D19451E4C7 /* [CP] Embed Pods Frameworks */,
			);
			buildRules = (
			);
			dependencies = (
			);
			name = Assignment;
			productName = Assignment;
			productReference = E58C885D278C8D2D00D87648 /* Assignment.app */;
			productType = "com.apple.product-type.application";
		};
/* End PBXNativeTarget section */

/* Begin PBXProject section */
		E58C8855278C8D2D00D87648 /* Project object */ = {
			isa = PBXProject;
			attributes = {
				BuildIndependentTargetsInParallel = 1;
				LastSwiftUpdateCheck = 1320;
				LastUpgradeCheck = 1320;
				TargetAttributes = {
					E58C885C278C8D2D00D87648 = {
						CreatedOnToolsVersion = 13.2.1;
					};
				};
			};
			buildConfigurationList = E58C8858278C8D2D00D87648 /* Build configuration list for PBXProject "Assignment" */;
			compatibilityVersion = "Xcode 13.0";
			developmentRegion = en;
			hasScannedForEncodings = 0;
			knownRegions = (
				en,
				Base,
			);
			mainGroup = E58C8854278C8D2D00D87648;
			productRefGroup = E58C885E278C8D2D00D87648 /* Products */;
			projectDirPath = "";
			projectRoot = "";
			targets = (
				E58C885C278C8D2D00D87648 /* Assignment */,
			);
		};
/* End PBXProject section */

/* Begin PBXResourcesBuildPhase section */
		E58C885B278C8D2D00D87648 /* Resources */ = {
			isa = PBXResourcesBuildPhase;
			buildActionMask = 2147483647;
			files = (
				E5D19C9B278D7C4A00C06C65 /* ICON_VERSION7.mp4 in Resources */,
				E58C8890278CAF0000D87648 /* LaunchScreen.storyboard in Resources */,
				E58C8881278C9BC500D87648 /* GoogleService-Info.plist in Resources */,
				E58C886A278C8D2E00D87648 /* Assets.xcassets in Resources */,
				E58C8893278CAF0600D87648 /* Main.storyboard in Resources */,
			);
			runOnlyForDeploymentPostprocessing = 0;
		};
/* End PBXResourcesBuildPhase section */

/* Begin PBXShellScriptBuildPhase section */
		B7987B1AD52423D19451E4C7 /* [CP] Embed Pods Frameworks */ = {
			isa = PBXShellScriptBuildPhase;
			buildActionMask = 2147483647;
			files = (
			);
			inputFileListPaths = (
				"${PODS_ROOT}/Target Support Files/Pods-Assignment/Pods-Assignment-frameworks-${CONFIGURATION}-input-files.xcfilelist",
			);
			name = "[CP] Embed Pods Frameworks";
			outputFileListPaths = (
				"${PODS_ROOT}/Target Support Files/Pods-Assignment/Pods-Assignment-frameworks-${CONFIGURATION}-output-files.xcfilelist",
			);
			runOnlyForDeploymentPostprocessing = 0;
			shellPath = /bin/sh;
			shellScript = "\"${PODS_ROOT}/Target Support Files/Pods-Assignment/Pods-Assignment-frameworks.sh\"\n";
			showEnvVarsInLog = 0;
		};
		F8F35A98D8883194B34A6211 /* [CP] Check Pods Manifest.lock */ = {
			isa = PBXShellScriptBuildPhase;
			buildActionMask = 2147483647;
			files = (
			);
			inputFileListPaths = (
			);
			inputPaths = (
				"${PODS_PODFILE_DIR_PATH}/Podfile.lock",
				"${PODS_ROOT}/Manifest.lock",
			);
			name = "[CP] Check Pods Manifest.lock";
			outputFileListPaths = (
			);
			outputPaths = (
				"$(DERIVED_FILE_DIR)/Pods-Assignment-checkManifestLockResult.txt",
			);
			runOnlyForDeploymentPostprocessing = 0;
			shellPath = /bin/sh;
			shellScript = "diff \"${PODS_PODFILE_DIR_PATH}/Podfile.lock\" \"${PODS_ROOT}/Manifest.lock\" > /dev/null\nif [ $? != 0 ] ; then\n    # print error to STDERR\n    echo \"error: The sandbox is not in sync with the Podfile.lock. Run 'pod install' or update your CocoaPods installation.\" >&2\n    exit 1\nfi\n# This output is used by Xcode 'outputs' to avoid re-running this script phase.\necho \"SUCCESS\" > \"${SCRIPT_OUTPUT_FILE_0}\"\n";
			showEnvVarsInLog = 0;
		};
/* End PBXShellScriptBuildPhase section */

/* Begin PBXSourcesBuildPhase section */
		E58C8859278C8D2D00D87648 /* Sources */ = {
			isa = PBXSourcesBuildPhase;
			buildActionMask = 2147483647;
			files = (
				E58C8865278C8D2D00D87648 /* ViewController.swift in Sources */,
				E581269D27904151007541DE /* EditAddViewController.swift in Sources */,
				E581269B2790413E007541DE /* WishListViewController.swift in Sources */,
				E58C8861278C8D2D00D87648 /* AppDelegate.swift in Sources */,
				E581269527903934007541DE /* WishList+CoreDataProperties.swift in Sources */,
				E58C887D278C94A800D87648 /* Designs.swift in Sources */,
				E58126902790379A007541DE /* CoreData.xcdatamodeld in Sources */,
				E59D2FB7278F376200711AFE /* MapViewController.swift in Sources */,
				E58C8875278C8E3A00D87648 /* SignUpViewController.swift in Sources */,
				E5D89C9E278F275F0098740C /* HomeViewController.swift in Sources */,
				E58C8878278C8E5400D87648 /* LoginViewController.swift in Sources */,
				E58C8863278C8D2D00D87648 /* SceneDelegate.swift in Sources */,
				E58C8883278CAAA500D87648 /* Constants.swift in Sources */,
				E581269427903934007541DE /* WishList+CoreDataClass.swift in Sources */,
				E59D2FB5278F375100711AFE /* CameraViewController.swift in Sources */,
			);
			runOnlyForDeploymentPostprocessing = 0;
		};
/* End PBXSourcesBuildPhase section */

/* Begin PBXVariantGroup section */
		E58C888E278CAEFF00D87648 /* LaunchScreen.storyboard */ = {
			isa = PBXVariantGroup;
			children = (
				E58C888F278CAEFF00D87648 /* Base */,
			);
			name = LaunchScreen.storyboard;
			sourceTree = "<group>";
		};
		E58C8891278CAF0600D87648 /* Main.storyboard */ = {
			isa = PBXVariantGroup;
			children = (
				E58C8892278CAF0600D87648 /* Base */,
			);
			name = Main.storyboard;
			sourceTree = "<group>";
		};
/* End PBXVariantGroup section */

/* Begin XCBuildConfiguration section */
		E58C886F278C8D2E00D87648 /* Debug */ = {
			isa = XCBuildConfiguration;
			buildSettings = {
				ALWAYS_SEARCH_USER_PATHS = NO;
				CLANG_ANALYZER_NONNULL = YES;
				CLANG_ANALYZER_NUMBER_OBJECT_CONVERSION = YES_AGGRESSIVE;
				CLANG_CXX_LANGUAGE_STANDARD = "gnu++17";
				CLANG_CXX_LIBRARY = "libc++";
				CLANG_ENABLE_MODULES = YES;
				CLANG_ENABLE_OBJC_ARC = YES;
				CLANG_ENABLE_OBJC_WEAK = YES;
				CLANG_WARN_BLOCK_CAPTURE_AUTORELEASING = YES;
				CLANG_WARN_BOOL_CONVERSION = YES;
				CLANG_WARN_COMMA = YES;
				CLANG_WARN_CONSTANT_CONVERSION = YES;
				CLANG_WARN_DEPRECATED_OBJC_IMPLEMENTATIONS = YES;
				CLANG_WARN_DIRECT_OBJC_ISA_USAGE = YES_ERROR;
				CLANG_WARN_DOCUMENTATION_COMMENTS = YES;
				CLANG_WARN_EMPTY_BODY = YES;
				CLANG_WARN_ENUM_CONVERSION = YES;
				CLANG_WARN_INFINITE_RECURSION = YES;
				CLANG_WARN_INT_CONVERSION = YES;
				CLANG_WARN_NON_LITERAL_NULL_CONVERSION = YES;
				CLANG_WARN_OBJC_IMPLICIT_RETAIN_SELF = YES;
				CLANG_WARN_OBJC_LITERAL_CONVERSION = YES;
				CLANG_WARN_OBJC_ROOT_CLASS = YES_ERROR;
				CLANG_WARN_QUOTED_INCLUDE_IN_FRAMEWORK_HEADER = YES;
				CLANG_WARN_RANGE_LOOP_ANALYSIS = YES;
				CLANG_WARN_STRICT_PROTOTYPES = YES;
				CLANG_WARN_SUSPICIOUS_MOVE = YES;
				CLANG_WARN_UNGUARDED_AVAILABILITY = YES_AGGRESSIVE;
				CLANG_WARN_UNREACHABLE_CODE = YES;
				CLANG_WARN__DUPLICATE_METHOD_MATCH = YES;
				COPY_PHASE_STRIP = NO;
				DEBUG_INFORMATION_FORMAT = dwarf;
				ENABLE_STRICT_OBJC_MSGSEND = YES;
				ENABLE_TESTABILITY = YES;
				GCC_C_LANGUAGE_STANDARD = gnu11;
				GCC_DYNAMIC_NO_PIC = NO;
				GCC_NO_COMMON_BLOCKS = YES;
				GCC_OPTIMIZATION_LEVEL = 0;
				GCC_PREPROCESSOR_DEFINITIONS = (
					"DEBUG=1",
					"$(inherited)",
				);
				GCC_WARN_64_TO_32_BIT_CONVERSION = YES;
				GCC_WARN_ABOUT_RETURN_TYPE = YES_ERROR;
				GCC_WARN_UNDECLARED_SELECTOR = YES;
				GCC_WARN_UNINITIALIZED_AUTOS = YES_AGGRESSIVE;
				GCC_WARN_UNUSED_FUNCTION = YES;
				GCC_WARN_UNUSED_VARIABLE = YES;
				IPHONEOS_DEPLOYMENT_TARGET = 15.2;
				MTL_ENABLE_DEBUG_INFO = INCLUDE_SOURCE;
				MTL_FAST_MATH = YES;
				ONLY_ACTIVE_ARCH = YES;
				SDKROOT = iphoneos;
				SWIFT_ACTIVE_COMPILATION_CONDITIONS = DEBUG;
				SWIFT_OPTIMIZATION_LEVEL = "-Onone";
			};
			name = Debug;
		};
		E58C8870278C8D2E00D87648 /* Release */ = {
			isa = XCBuildConfiguration;
			buildSettings = {
				ALWAYS_SEARCH_USER_PATHS = NO;
				CLANG_ANALYZER_NONNULL = YES;
				CLANG_ANALYZER_NUMBER_OBJECT_CONVERSION = YES_AGGRESSIVE;
				CLANG_CXX_LANGUAGE_STANDARD = "gnu++17";
				CLANG_CXX_LIBRARY = "libc++";
				CLANG_ENABLE_MODULES = YES;
				CLANG_ENABLE_OBJC_ARC = YES;
				CLANG_ENABLE_OBJC_WEAK = YES;
				CLANG_WARN_BLOCK_CAPTURE_AUTORELEASING = YES;
				CLANG_WARN_BOOL_CONVERSION = YES;
				CLANG_WARN_COMMA = YES;
				CLANG_WARN_CONSTANT_CONVERSION = YES;
				CLANG_WARN_DEPRECATED_OBJC_IMPLEMENTATIONS = YES;
				CLANG_WARN_DIRECT_OBJC_ISA_USAGE = YES_ERROR;
				CLANG_WARN_DOCUMENTATION_COMMENTS = YES;
				CLANG_WARN_EMPTY_BODY = YES;
				CLANG_WARN_ENUM_CONVERSION = YES;
				CLANG_WARN_INFINITE_RECURSION = YES;
				CLANG_WARN_INT_CONVERSION = YES;
				CLANG_WARN_NON_LITERAL_NULL_CONVERSION = YES;
				CLANG_WARN_OBJC_IMPLICIT_RETAIN_SELF = YES;
				CLANG_WARN_OBJC_LITERAL_CONVERSION = YES;
				CLANG_WARN_OBJC_ROOT_CLASS = YES_ERROR;
				CLANG_WARN_QUOTED_INCLUDE_IN_FRAMEWORK_HEADER = YES;
				CLANG_WARN_RANGE_LOOP_ANALYSIS = YES;
				CLANG_WARN_STRICT_PROTOTYPES = YES;
				CLANG_WARN_SUSPICIOUS_MOVE = YES;
				CLANG_WARN_UNGUARDED_AVAILABILITY = YES_AGGRESSIVE;
				CLANG_WARN_UNREACHABLE_CODE = YES;
				CLANG_WARN__DUPLICATE_METHOD_MATCH = YES;
				COPY_PHASE_STRIP = NO;
				DEBUG_INFORMATION_FORMAT = "dwarf-with-dsym";
				ENABLE_NS_ASSERTIONS = NO;
				ENABLE_STRICT_OBJC_MSGSEND = YES;
				GCC_C_LANGUAGE_STANDARD = gnu11;
				GCC_NO_COMMON_BLOCKS = YES;
				GCC_WARN_64_TO_32_BIT_CONVERSION = YES;
				GCC_WARN_ABOUT_RETURN_TYPE = YES_ERROR;
				GCC_WARN_UNDECLARED_SELECTOR = YES;
				GCC_WARN_UNINITIALIZED_AUTOS = YES_AGGRESSIVE;
				GCC_WARN_UNUSED_FUNCTION = YES;
				GCC_WARN_UNUSED_VARIABLE = YES;
				IPHONEOS_DEPLOYMENT_TARGET = 15.2;
				MTL_ENABLE_DEBUG_INFO = NO;
				MTL_FAST_MATH = YES;
				SDKROOT = iphoneos;
				SWIFT_COMPILATION_MODE = wholemodule;
				SWIFT_OPTIMIZATION_LEVEL = "-O";
				VALIDATE_PRODUCT = YES;
			};
			name = Release;
		};
		E58C8872278C8D2E00D87648 /* Debug */ = {
			isa = XCBuildConfiguration;
			baseConfigurationReference = 58FE012C8EBC7E7F130028FA /* Pods-Assignment.debug.xcconfig */;
			buildSettings = {
				ASSETCATALOG_COMPILER_APPICON_NAME = AppIcon;
				ASSETCATALOG_COMPILER_GLOBAL_ACCENT_COLOR_NAME = AccentColor;
				CODE_SIGN_STYLE = Automatic;
				CURRENT_PROJECT_VERSION = 1;
				GENERATE_INFOPLIST_FILE = YES;
				INFOPLIST_FILE = Assignment/Info.plist;
				INFOPLIST_KEY_UIApplicationSupportsIndirectInputEvents = YES;
				INFOPLIST_KEY_UILaunchStoryboardName = LaunchScreen;
				INFOPLIST_KEY_UIMainStoryboardFile = Main;
				INFOPLIST_KEY_UISupportedInterfaceOrientations_iPad = "UIInterfaceOrientationPortrait UIInterfaceOrientationPortraitUpsideDown UIInterfaceOrientationLandscapeLeft UIInterfaceOrientationLandscapeRight";
				INFOPLIST_KEY_UISupportedInterfaceOrientations_iPhone = "UIInterfaceOrientationPortrait UIInterfaceOrientationLandscapeLeft UIInterfaceOrientationLandscapeRight";
				LD_RUNPATH_SEARCH_PATHS = (
					"$(inherited)",
					"@executable_path/Frameworks",
				);
				MARKETING_VERSION = 1.0;
				PRODUCT_BUNDLE_IDENTIFIER = edu.self.Assignment;
				PRODUCT_NAME = "$(TARGET_NAME)";
				SWIFT_EMIT_LOC_STRINGS = YES;
				SWIFT_VERSION = 5.0;
				TARGETED_DEVICE_FAMILY = "1,2";
			};
			name = Debug;
		};
		E58C8873278C8D2E00D87648 /* Release */ = {
			isa = XCBuildConfiguration;
			baseConfigurationReference = 16171CCFE6A461E5957AD3B6 /* Pods-Assignment.release.xcconfig */;
			buildSettings = {
				ASSETCATALOG_COMPILER_APPICON_NAME = AppIcon;
				ASSETCATALOG_COMPILER_GLOBAL_ACCENT_COLOR_NAME = AccentColor;
				CODE_SIGN_STYLE = Automatic;
				CURRENT_PROJECT_VERSION = 1;
				GENERATE_INFOPLIST_FILE = YES;
				INFOPLIST_FILE = Assignment/Info.plist;
				INFOPLIST_KEY_UIApplicationSupportsIndirectInputEvents = YES;
				INFOPLIST_KEY_UILaunchStoryboardName = LaunchScreen;
				INFOPLIST_KEY_UIMainStoryboardFile = Main;
				INFOPLIST_KEY_UISupportedInterfaceOrientations_iPad = "UIInterfaceOrientationPortrait UIInterfaceOrientationPortraitUpsideDown UIInterfaceOrientationLandscapeLeft UIInterfaceOrientationLandscapeRight";
				INFOPLIST_KEY_UISupportedInterfaceOrientations_iPhone = "UIInterfaceOrientationPortrait UIInterfaceOrientationLandscapeLeft UIInterfaceOrientationLandscapeRight";
				LD_RUNPATH_SEARCH_PATHS = (
					"$(inherited)",
					"@executable_path/Frameworks",
				);
				MARKETING_VERSION = 1.0;
				PRODUCT_BUNDLE_IDENTIFIER = edu.self.Assignment;
				PRODUCT_NAME = "$(TARGET_NAME)";
				SWIFT_EMIT_LOC_STRINGS = YES;
				SWIFT_VERSION = 5.0;
				TARGETED_DEVICE_FAMILY = "1,2";
			};
			name = Release;
		};
/* End XCBuildConfiguration section */

/* Begin XCConfigurationList section */
		E58C8858278C8D2D00D87648 /* Build configuration list for PBXProject "Assignment" */ = {
			isa = XCConfigurationList;
			buildConfigurations = (
				E58C886F278C8D2E00D87648 /* Debug */,
				E58C8870278C8D2E00D87648 /* Release */,
			);
			defaultConfigurationIsVisible = 0;
			defaultConfigurationName = Release;
		};
		E58C8871278C8D2E00D87648 /* Build configuration list for PBXNativeTarget "Assignment" */ = {
			isa = XCConfigurationList;
			buildConfigurations = (
				E58C8872278C8D2E00D87648 /* Debug */,
				E58C8873278C8D2E00D87648 /* Release */,
			);
			defaultConfigurationIsVisible = 0;
			defaultConfigurationName = Release;
		};
/* End XCConfigurationList section */

/* Begin XCVersionGroup section */
		E581268E2790379A007541DE /* CoreData.xcdatamodeld */ = {
			isa = XCVersionGroup;
			children = (
				E581268F2790379A007541DE /* CoreData.xcdatamodel */,
			);
			currentVersion = E581268F2790379A007541DE /* CoreData.xcdatamodel */;
			path = CoreData.xcdatamodeld;
			sourceTree = "<group>";
			versionGroupType = wrapper.xcdatamodel;
		};
/* End XCVersionGroup section */
	};
	rootObject = E58C8855278C8D2D00D87648 /* Project object */;
}
